
Microsoft Visual Studio Solution File, Format Version 12.00
# Visual Studio Version 17
VisualStudioVersion = 17.12.35707.178
MinimumVisualStudioVersion = 10.0.40219.1
Project("{FAE04EC0-301F-11D3-BF4B-00C04F79EFBC}") = "HostApplication", "HostApplication\HostApplication.csproj", "{AF65AC19-1075-4664-B804-EBBA4AE665B5}"
EndProject
Project("{FAE04EC0-301F-11D3-BF4B-00C04F79EFBC}") = "EmbeddedApplication", "EmbeddedApplication\EmbeddedApplication.csproj", "{89513ADF-FFCA-416E-BAF0-F8130E925418}"
EndProject
Global
	GlobalSection(SolutionConfigurationPlatforms) = preSolution
		Debug|Any CPU = Debug|Any CPU
		Release|Any CPU = Release|Any CPU
	EndGlobalSection
	GlobalSection(ProjectConfigurationPlatforms) = postSolution
		{AF65AC19-1075-4664-B804-EBBA4AE665B5}.Debug|Any CPU.ActiveCfg = Debug|Any CPU
		{AF65AC19-1075-4664-B804-EBBA4AE665B5}.Debug|Any CPU.Build.0 = Debug|Any CPU
		{AF65AC19-1075-4664-B804-EBBA4AE665B5}.Release|Any CPU.ActiveCfg = Release|Any CPU
		{AF65AC19-1075-4664-B804-EBBA4AE665B5}.Release|Any CPU.Build.0 = Release|Any CPU
		{89513ADF-FFCA-416E-BAF0-F8130E925418}.Debug|Any CPU.ActiveCfg = Debug|Any CPU
		{89513ADF-FFCA-416E-BAF0-F8130E925418}.Debug|Any CPU.Build.0 = Debug|Any CPU
		{89513ADF-FFCA-416E-BAF0-F8130E925418}.Release|Any CPU.ActiveCfg = Release|Any CPU
		{89513ADF-FFCA-416E-BAF0-F8130E925418}.Release|Any CPU.Build.0 = Release|Any CPU
	EndGlobalSection
	GlobalSection(SolutionProperties) = preSolution
		HideSolutionNode = FALSE
	EndGlobalSection
EndGlobal
